
Microsoft Visual Studio Solution File, Format Version 12.00
# Visual Studio Version 17
VisualStudioVersion = 17.7.34031.279
MinimumVisualStudioVersion = 10.0.40219.1
Project("{FAE04EC0-301F-11D3-BF4B-00C04F79EFBC}") = "Not_Kayitt", "Not_Kayitt\Not_Kayitt.csproj", "{38A920BE-BA6E-4683-AE60-8BF8DB1F912B}"
EndProject
Global
	GlobalSection(SolutionConfigurationPlatforms) = preSolution
		Debug|Any CPU = Debug|Any CPU
		Release|Any CPU = Release|Any CPU
	EndGlobalSection
	GlobalSection(ProjectConfigurationPlatforms) = postSolution
		{38A920BE-BA6E-4683-AE60-8BF8DB1F912B}.Debug|Any CPU.ActiveCfg = Debug|Any CPU
		{38A920BE-BA6E-4683-AE60-8BF8DB1F912B}.Debug|Any CPU.Build.0 = Debug|Any CPU
		{38A920BE-BA6E-4683-AE60-8BF8DB1F912B}.Release|Any CPU.ActiveCfg = Release|Any CPU
		{38A920BE-BA6E-4683-AE60-8BF8DB1F912B}.Release|Any CPU.Build.0 = Release|Any CPU
	EndGlobalSection
	GlobalSection(SolutionProperties) = preSolution
		HideSolutionNode = FALSE
	EndGlobalSection
	GlobalSection(ExtensibilityGlobals) = postSolution
		SolutionGuid = {82CC12E4-59EA-41E9-9ACD-A9377A8B0589}
	EndGlobalSection
EndGlobal
